
Microsoft Visual Studio Solution File, Format Version 11.00
# Visual Studio 2010
Project("{FAE04EC0-301F-11D3-BF4B-00C04F79EFBC}") = "ConsoleApplication", "DataTranslator.ConsoleApplication\ConsoleApplication.csproj", "{216F8DD7-733B-4F0F-AC4B-CC197C756328}"
EndProject
Project("{FAE04EC0-301F-11D3-BF4B-00C04F79EFBC}") = "Factory", "DataTranslator.Factory\Factory.csproj", "{72199311-E68B-4E74-AC59-ECD4D0046F3D}"
EndProject
Project("{2150E333-8FDC-42A3-9474-1A3956D46DE8}") = "Solution Items", "Solution Items", "{6F6A794B-0200-4857-964F-0C6DCD978183}"
	ProjectSection(SolutionItems) = preProject
		northwind.xml = northwind.xml
		northwind.xsd = northwind.xsd
		README.md = README.md
		screenshot01.png = screenshot01.png
		UserGuide.rtf = UserGuide.rtf
	EndProjectSection
EndProject
Global
	GlobalSection(SolutionConfigurationPlatforms) = preSolution
		Debug|Any CPU = Debug|Any CPU
		Release|Any CPU = Release|Any CPU
	EndGlobalSection
	GlobalSection(ProjectConfigurationPlatforms) = postSolution
		{216F8DD7-733B-4F0F-AC4B-CC197C756328}.Debug|Any CPU.ActiveCfg = Debug|Any CPU
		{216F8DD7-733B-4F0F-AC4B-CC197C756328}.Debug|Any CPU.Build.0 = Debug|Any CPU
		{216F8DD7-733B-4F0F-AC4B-CC197C756328}.Release|Any CPU.ActiveCfg = Release|Any CPU
		{216F8DD7-733B-4F0F-AC4B-CC197C756328}.Release|Any CPU.Build.0 = Release|Any CPU
		{72199311-E68B-4E74-AC59-ECD4D0046F3D}.Debug|Any CPU.ActiveCfg = Debug|Any CPU
		{72199311-E68B-4E74-AC59-ECD4D0046F3D}.Debug|Any CPU.Build.0 = Debug|Any CPU
		{72199311-E68B-4E74-AC59-ECD4D0046F3D}.Release|Any CPU.ActiveCfg = Release|Any CPU
		{72199311-E68B-4E74-AC59-ECD4D0046F3D}.Release|Any CPU.Build.0 = Release|Any CPU
	EndGlobalSection
	GlobalSection(SolutionProperties) = preSolution
		HideSolutionNode = FALSE
	EndGlobalSection
EndGlobal
